// !$*UTF8*$!
{
	archiveVersion = 1;
	classes = {
	};
	objectVersion = 46;
	objects = {

/* Begin PBXBuildFile section */
		110B464D17B3498300929EB6 /* Foundation.framework in Frameworks */ = {isa = PBXBuildFile; fileRef = 110B464C17B3498300929EB6 /* Foundation.framework */; };
		110B465D17B3498300929EB6 /* MailForCouria.mm in Sources */ = {isa = PBXBuildFile; fileRef = 110B465C17B3498300929EB6 /* MailForCouria.mm */; };
/* End PBXBuildFile section */

/* Begin PBXFileReference section */
		110B464917B3498300929EB6 /* MailForCouria.dylib */ = {isa = PBXFileReference; explicitFileType = "compiled.mach-o.dylib"; includeInIndex = 0; path = MailForCouria.dylib; sourceTree = BUILT_PRODUCTS_DIR; };
		110B464C17B3498300929EB6 /* Foundation.framework */ = {isa = PBXFileReference; lastKnownFileType = wrapper.framework; name = Foundation.framework; path = System/Library/Frameworks/Foundation.framework; sourceTree = SDKROOT; };
		110B465117B3498300929EB6 /* control.txt */ = {isa = PBXFileReference; lastKnownFileType = text; name = control.txt; path = Package/DEBIAN/control.txt; sourceTree = "<group>"; };
		110B465217B3498300929EB6 /* control */ = {isa = PBXFileReference; lastKnownFileType = text; name = control; path = Package/DEBIAN/control; sourceTree = "<group>"; };
		110B465417B3498300929EB6 /* PackageVersion.plist */ = {isa = PBXFileReference; lastKnownFileType = text.plist.xml; path = PackageVersion.plist; sourceTree = "<group>"; };
		110B465817B3498300929EB6 /* MailForCouria.plist */ = {isa = PBXFileReference; lastKnownFileType = text.plist.xml; name = MailForCouria.plist; path = Package/Library/PreferenceLoader/Preferences/MailForCouria.plist; sourceTree = "<group>"; };
		110B465917B3498300929EB6 /* MailForCouriaIcon.png */ = {isa = PBXFileReference; lastKnownFileType = image.png; name = MailForCouriaIcon.png; path = Package/Library/PreferenceLoader/Preferences/MailForCouriaIcon.png; sourceTree = "<group>"; };
		110B465A17B3498300929EB6 /* MailForCouriaIcon@2x.png */ = {isa = PBXFileReference; lastKnownFileType = image.png; name = "MailForCouriaIcon@2x.png"; path = "Package/Library/PreferenceLoader/Preferences/MailForCouriaIcon@2x.png"; sourceTree = "<group>"; };
		110B465B17B3498300929EB6 /* MailForCouria-Prefix.pch */ = {isa = PBXFileReference; lastKnownFileType = sourcecode.c.h; path = "MailForCouria-Prefix.pch"; sourceTree = "<group>"; };
		110B465C17B3498300929EB6 /* MailForCouria.mm */ = {isa = PBXFileReference; lastKnownFileType = sourcecode.cpp.objcpp; path = MailForCouria.mm; sourceTree = "<group>"; };
		110B466017B3498300929EB6 /* MailForCouria.plist */ = {isa = PBXFileReference; lastKnownFileType = text.plist.xml; name = MailForCouria.plist; path = Package/Library/MobileSubstrate/DynamicLibraries/MailForCouria.plist; sourceTree = "<group>"; };
		110B466617B349CC00929EB6 /* Couria.h */ = {isa = PBXFileReference; lastKnownFileType = sourcecode.c.h; path = Couria.h; sourceTree = "<group>"; };
/* End PBXFileReference section */

/* Begin PBXFrameworksBuildPhase section */
		110B464517B3498300929EB6 /* Frameworks */ = {
			isa = PBXFrameworksBuildPhase;
			buildActionMask = 2147483647;
			files = (
				110B464D17B3498300929EB6 /* Foundation.framework in Frameworks */,
			);
			runOnlyForDeploymentPostprocessing = 0;
		};
/* End PBXFrameworksBuildPhase section */

/* Begin PBXGroup section */
		110B463F17B3498300929EB6 = {
			isa = PBXGroup;
			children = (
				110B464E17B3498300929EB6 /* MailForCouria */,
				110B464B17B3498300929EB6 /* Frameworks */,
				110B464A17B3498300929EB6 /* Products */,
			);
			sourceTree = "<group>";
		};
		110B464A17B3498300929EB6 /* Products */ = {
			isa = PBXGroup;
			children = (
				110B464917B3498300929EB6 /* MailForCouria.dylib */,
			);
			name = Products;
			sourceTree = "<group>";
		};
		110B464B17B3498300929EB6 /* Frameworks */ = {
			isa = PBXGroup;
			children = (
				110B464C17B3498300929EB6 /* Foundation.framework */,
			);
			name = Frameworks;
			sourceTree = "<group>";
		};
		110B464E17B3498300929EB6 /* MailForCouria */ = {
			isa = PBXGroup;
			children = (
				110B466617B349CC00929EB6 /* Couria.h */,
				110B465C17B3498300929EB6 /* MailForCouria.mm */,
				110B464F17B3498300929EB6 /* Package */,
				110B465317B3498300929EB6 /* Supporting Files */,
			);
			path = MailForCouria;
			sourceTree = "<group>";
		};
		110B464F17B3498300929EB6 /* Package */ = {
			isa = PBXGroup;
			children = (
				110B465017B3498300929EB6 /* DEBIAN */,
				110B465517B3498300929EB6 /* Library */,
			);
			name = Package;
			sourceTree = "<group>";
		};
		110B465017B3498300929EB6 /* DEBIAN */ = {
			isa = PBXGroup;
			children = (
				110B465117B3498300929EB6 /* control.txt */,
				110B465217B3498300929EB6 /* control */,
			);
			name = DEBIAN;
			sourceTree = "<group>";
		};
		110B465317B3498300929EB6 /* Supporting Files */ = {
			isa = PBXGroup;
			children = (
				110B465417B3498300929EB6 /* PackageVersion.plist */,
				110B465B17B3498300929EB6 /* MailForCouria-Prefix.pch */,
			);
			name = "Supporting Files";
			sourceTree = "<group>";
		};
		110B465517B3498300929EB6 /* Library */ = {
			isa = PBXGroup;
			children = (
				110B465617B3498300929EB6 /* PreferenceLoader */,
				110B465E17B3498300929EB6 /* MobileSubstrate */,
			);
			name = Library;
			sourceTree = "<group>";
		};
		110B465617B3498300929EB6 /* PreferenceLoader */ = {
			isa = PBXGroup;
			children = (
				110B465717B3498300929EB6 /* Preferences */,
			);
			name = PreferenceLoader;
			sourceTree = "<group>";
		};
		110B465717B3498300929EB6 /* Preferences */ = {
			isa = PBXGroup;
			children = (
				110B465817B3498300929EB6 /* MailForCouria.plist */,
				110B465917B3498300929EB6 /* MailForCouriaIcon.png */,
				110B465A17B3498300929EB6 /* MailForCouriaIcon@2x.png */,
			);
			name = Preferences;
			sourceTree = "<group>";
		};
		110B465E17B3498300929EB6 /* MobileSubstrate */ = {
			isa = PBXGroup;
			children = (
				110B465F17B3498300929EB6 /* DynamicLibraries */,
			);
			name = MobileSubstrate;
			sourceTree = "<group>";
		};
		110B465F17B3498300929EB6 /* DynamicLibraries */ = {
			isa = PBXGroup;
			children = (
				110B466017B3498300929EB6 /* MailForCouria.plist */,
			);
			name = DynamicLibraries;
			sourceTree = "<group>";
		};
/* End PBXGroup section */

/* Begin PBXHeadersBuildPhase section */
		110B464617B3498300929EB6 /* Headers */ = {
			isa = PBXHeadersBuildPhase;
			buildActionMask = 2147483647;
			files = (
			);
			runOnlyForDeploymentPostprocessing = 0;
		};
/* End PBXHeadersBuildPhase section */

/* Begin PBXNativeTarget section */
		110B464817B3498300929EB6 /* MailForCouria */ = {
			isa = PBXNativeTarget;
			buildConfigurationList = 110B466317B3498300929EB6 /* Build configuration list for PBXNativeTarget "MailForCouria" */;
			buildPhases = (
				110B464417B3498300929EB6 /* Sources */,
				110B464517B3498300929EB6 /* Frameworks */,
				110B464617B3498300929EB6 /* Headers */,
				110B464717B3498300929EB6 /* ShellScript */,
			);
			buildRules = (
			);
			dependencies = (
			);
			name = MailForCouria;
			productName = MailForCouria;
			productReference = 110B464917B3498300929EB6 /* MailForCouria.dylib */;
			productType = "com.apple.product-type.library.dynamic";
		};
/* End PBXNativeTarget section */

/* Begin PBXProject section */
		110B464017B3498300929EB6 /* Project object */ = {
			isa = PBXProject;
			attributes = {
				LastUpgradeCheck = 0460;
			};
			buildConfigurationList = 110B464317B3498300929EB6 /* Build configuration list for PBXProject "MailForCouria" */;
			compatibilityVersion = "Xcode 3.2";
			developmentRegion = English;
			hasScannedForEncodings = 0;
			knownRegions = (
				en,
			);
			mainGroup = 110B463F17B3498300929EB6;
			productRefGroup = 110B464A17B3498300929EB6 /* Products */;
			projectDirPath = "";
			projectRoot = "";
			targets = (
				110B464817B3498300929EB6 /* MailForCouria */,
			);
		};
/* End PBXProject section */

/* Begin PBXShellScriptBuildPhase section */
		110B464717B3498300929EB6 /* ShellScript */ = {
			isa = PBXShellScriptBuildPhase;
			buildActionMask = 2147483647;
			files = (
			);
			inputPaths = (
			);
			outputPaths = (
			);
			runOnlyForDeploymentPostprocessing = 0;
			shellPath = /bin/sh;
			shellScript = "/opt/iOSOpenDev/bin/iosod --xcbp";
		};
/* End PBXShellScriptBuildPhase section */

/* Begin PBXSourcesBuildPhase section */
		110B464417B3498300929EB6 /* Sources */ = {
			isa = PBXSourcesBuildPhase;
			buildActionMask = 2147483647;
			files = (
				110B465D17B3498300929EB6 /* MailForCouria.mm in Sources */,
			);
			runOnlyForDeploymentPostprocessing = 0;
		};
/* End PBXSourcesBuildPhase section */

/* Begin XCBuildConfiguration section */
		110B466117B3498300929EB6 /* Debug */ = {
			isa = XCBuildConfiguration;
			buildSettings = {
				CLANG_ENABLE_OBJC_ARC = YES;
				COPY_PHASE_STRIP = NO;
				EXCLUDED_RECURSIVE_SEARCH_PATH_SUBDIRECTORIES = "*.nib *.lproj *.gch (*) .DS_Store CVS .svn .git .hg *.xcodeproj *.xcode *.pbproj *.pbxproj";
				FRAMEWORK_SEARCH_PATHS = (
					"$(iOSOpenDevPath)/frameworks/**",
					"$(SDKROOT)/System/Library/PrivateFrameworks",
				);
				GCC_C_LANGUAGE_STANDARD = gnu99;
				GCC_DYNAMIC_NO_PIC = NO;
				GCC_OPTIMIZATION_LEVEL = 0;
				GCC_PREPROCESSOR_DEFINITIONS = (
					"DEBUG=1",
					"$(inherited)",
				);
				GCC_SYMBOLS_PRIVATE_EXTERN = NO;
				GCC_WARN_ABOUT_MISSING_PROTOTYPES = YES;
				GCC_WARN_ABOUT_RETURN_TYPE = YES;
				GCC_WARN_UNUSED_VARIABLE = YES;
				HEADER_SEARCH_PATHS = "$(iOSOpenDevPath)/include/**";
				IPHONEOS_DEPLOYMENT_TARGET = 6.1;
				LIBRARY_SEARCH_PATHS = "$(iOSOpenDevPath)/lib/**";
				ONLY_ACTIVE_ARCH = YES;
				SDKROOT = iphoneos;
				TARGETED_DEVICE_FAMILY = "1,2";
				VALIDATE_PRODUCT = NO;
				iOSOpenDevPath = /opt/iOSOpenDev;
			};
			name = Debug;
		};
		110B466217B3498300929EB6 /* Release */ = {
			isa = XCBuildConfiguration;
			buildSettings = {
				CLANG_ENABLE_OBJC_ARC = YES;
				COPY_PHASE_STRIP = YES;
				EXCLUDED_RECURSIVE_SEARCH_PATH_SUBDIRECTORIES = "*.nib *.lproj *.gch (*) .DS_Store CVS .svn .git .hg *.xcodeproj *.xcode *.pbproj *.pbxproj";
				FRAMEWORK_SEARCH_PATHS = (
					"$(iOSOpenDevPath)/frameworks/**",
					"$(SDKROOT)/System/Library/PrivateFrameworks",
				);
				GCC_C_LANGUAGE_STANDARD = gnu99;
				GCC_WARN_ABOUT_MISSING_PROTOTYPES = YES;
				GCC_WARN_ABOUT_RETURN_TYPE = YES;
				GCC_WARN_UNUSED_VARIABLE = YES;
				HEADER_SEARCH_PATHS = "$(iOSOpenDevPath)/include/**";
				IPHONEOS_DEPLOYMENT_TARGET = 6.1;
				LIBRARY_SEARCH_PATHS = "$(iOSOpenDevPath)/lib/**";
				SDKROOT = iphoneos;
				TARGETED_DEVICE_FAMILY = "1,2";
				VALIDATE_PRODUCT = YES;
				iOSOpenDevPath = /opt/iOSOpenDev;
			};
			name = Release;
		};
		110B466417B3498300929EB6 /* Debug */ = {
			isa = XCBuildConfiguration;
			buildSettings = {
				CODE_SIGN_IDENTITY = "";
				DYLIB_COMPATIBILITY_VERSION = 1;
				DYLIB_CURRENT_VERSION = 1;
				GCC_PRECOMPILE_PREFIX_HEADER = YES;
				GCC_PREFIX_HEADER = "MailForCouria/MailForCouria-Prefix.pch";
				INSTALL_PATH = /Library/MobileSubstrate/DynamicLibraries;
				PRODUCT_NAME = "$(TARGET_NAME)";
				iOSOpenDevBuildPackageOnAnyBuild = NO;
				iOSOpenDevCopyOnBuild = NO;
				iOSOpenDevDevice = "";
				iOSOpenDevInstallOnAnyBuild = NO;
				iOSOpenDevInstallOnProfiling = YES;
				iOSOpenDevRespringOnInstall = YES;
				iOSOpenDevUsePackageVersionPList = YES;
			};
			name = Debug;
		};
		110B466517B3498300929EB6 /* Release */ = {
			isa = XCBuildConfiguration;
			buildSettings = {
				CODE_SIGN_IDENTITY = "";
				DYLIB_COMPATIBILITY_VERSION = 1;
				DYLIB_CURRENT_VERSION = 1;
				GCC_PRECOMPILE_PREFIX_HEADER = YES;
				GCC_PREFIX_HEADER = "MailForCouria/MailForCouria-Prefix.pch";
				INSTALL_PATH = /Library/MobileSubstrate/DynamicLibraries;
				PRODUCT_NAME = "$(TARGET_NAME)";
				iOSOpenDevBuildPackageOnAnyBuild = NO;
				iOSOpenDevCopyOnBuild = NO;
				iOSOpenDevDevice = "";
				iOSOpenDevInstallOnAnyBuild = NO;
				iOSOpenDevInstallOnProfiling = YES;
				iOSOpenDevRespringOnInstall = YES;
				iOSOpenDevUsePackageVersionPList = YES;
			};
			name = Release;
		};
/* End XCBuildConfiguration section */

/* Begin XCConfigurationList section */
		110B464317B3498300929EB6 /* Build configuration list for PBXProject "MailForCouria" */ = {
			isa = XCConfigurationList;
			buildConfigurations = (
				110B466117B3498300929EB6 /* Debug */,
				110B466217B3498300929EB6 /* Release */,
			);
			defaultConfigurationIsVisible = 0;
			defaultConfigurationName = Release;
		};
		110B466317B3498300929EB6 /* Build configuration list for PBXNativeTarget "MailForCouria" */ = {
			isa = XCConfigurationList;
			buildConfigurations = (
				110B466417B3498300929EB6 /* Debug */,
				110B466517B3498300929EB6 /* Release */,
			);
			defaultConfigurationIsVisible = 0;
		};
/* End XCConfigurationList section */
	};
	rootObject = 110B464017B3498300929EB6 /* Project object */;
}
